
Microsoft Visual Studio Solution File, Format Version 12.00
# Visual Studio Version 16
VisualStudioVersion = 16.0.30503.244
MinimumVisualStudioVersion = 10.0.40219.1
Project("{9A19103F-16F7-4668-BE54-9A1E7A4F7556}") = "LongOperationDelay", "LongOperationDelay\LongOperationDelay.csproj", "{852E241A-0069-44E7-8376-A34A443D624A}"
EndProject
Global
	GlobalSection(SolutionConfigurationPlatforms) = preSolution
		Debug|Any CPU = Debug|Any CPU
		Release|Any CPU = Release|Any CPU
	EndGlobalSection
	GlobalSection(ProjectConfigurationPlatforms) = postSolution
		{852E241A-0069-44E7-8376-A34A443D624A}.Debug|Any CPU.ActiveCfg = Debug|Any CPU
		{852E241A-0069-44E7-8376-A34A443D624A}.Debug|Any CPU.Build.0 = Debug|Any CPU
		{852E241A-0069-44E7-8376-A34A443D624A}.Release|Any CPU.ActiveCfg = Release|Any CPU
		{852E241A-0069-44E7-8376-A34A443D624A}.Release|Any CPU.Build.0 = Release|Any CPU
	EndGlobalSection
	GlobalSection(SolutionProperties) = preSolution
		HideSolutionNode = FALSE
	EndGlobalSection
	GlobalSection(ExtensibilityGlobals) = postSolution
		SolutionGuid = {04B4E573-5C94-493B-BE54-61784041B337}
	EndGlobalSection
EndGlobal
